
Microsoft Visual Studio Solution File, Format Version 12.00
# Visual Studio Version 17
VisualStudioVersion = 17.0.31903.59
MinimumVisualStudioVersion = 10.0.40219.1
Project("{2150E333-8FDC-42A3-9474-1A3956D46DE8}") = "src", "src", "{827E0CD3-B72D-47B6-A68D-7590B98EB39B}"
EndProject
Project("{2150E333-8FDC-42A3-9474-1A3956D46DE8}") = "test", "test", "{3E72BF5C-0B5E-D5BD-DCAE-6B991004B4A5}"
EndProject
Project("{2150E333-8FDC-42A3-9474-1A3956D46DE8}") = "e2e", "e2e", "{B2CBC301-61CA-01C7-DCE8-DDA3203BFF20}"
EndProject
Project("{FAE04EC0-301F-11D3-BF4B-00C04F79EFBC}") = "E2E.Login", "src\test\e2e\E2E.Login\E2E.Login.csproj", "{36155832-FF0A-4794-AC8A-AA0E68624AC7}"
EndProject
Project("{FAE04EC0-301F-11D3-BF4B-00C04F79EFBC}") = "E2E.Cart", "src\test\e2e\E2E.Cart\E2E.Cart.csproj", "{6C474185-2911-4E3C-896D-7DEE62EDFCB2}"
EndProject
Project("{FAE04EC0-301F-11D3-BF4B-00C04F79EFBC}") = "E2E.Checkout", "src\test\e2e\E2E.Checkout\E2E.Checkout.csproj", "{C17B322C-2FFB-472E-9900-1E4AE3781D49}"
EndProject
Global
	GlobalSection(SolutionConfigurationPlatforms) = preSolution
		Debug|Any CPU = Debug|Any CPU
		Debug|x64 = Debug|x64
		Debug|x86 = Debug|x86
		Release|Any CPU = Release|Any CPU
		Release|x64 = Release|x64
		Release|x86 = Release|x86
	EndGlobalSection
	GlobalSection(ProjectConfigurationPlatforms) = postSolution
		{36155832-FF0A-4794-AC8A-AA0E68624AC7}.Debug|Any CPU.ActiveCfg = Debug|Any CPU
		{36155832-FF0A-4794-AC8A-AA0E68624AC7}.Debug|Any CPU.Build.0 = Debug|Any CPU
		{36155832-FF0A-4794-AC8A-AA0E68624AC7}.Debug|x64.ActiveCfg = Debug|Any CPU
		{36155832-FF0A-4794-AC8A-AA0E68624AC7}.Debug|x64.Build.0 = Debug|Any CPU
		{36155832-FF0A-4794-AC8A-AA0E68624AC7}.Debug|x86.ActiveCfg = Debug|Any CPU
		{36155832-FF0A-4794-AC8A-AA0E68624AC7}.Debug|x86.Build.0 = Debug|Any CPU
		{36155832-FF0A-4794-AC8A-AA0E68624AC7}.Release|Any CPU.ActiveCfg = Release|Any CPU
		{36155832-FF0A-4794-AC8A-AA0E68624AC7}.Release|Any CPU.Build.0 = Release|Any CPU
		{36155832-FF0A-4794-AC8A-AA0E68624AC7}.Release|x64.ActiveCfg = Release|Any CPU
		{36155832-FF0A-4794-AC8A-AA0E68624AC7}.Release|x64.Build.0 = Release|Any CPU
		{36155832-FF0A-4794-AC8A-AA0E68624AC7}.Release|x86.ActiveCfg = Release|Any CPU
		{36155832-FF0A-4794-AC8A-AA0E68624AC7}.Release|x86.Build.0 = Release|Any CPU
		{6C474185-2911-4E3C-896D-7DEE62EDFCB2}.Debug|Any CPU.ActiveCfg = Debug|Any CPU
		{6C474185-2911-4E3C-896D-7DEE62EDFCB2}.Debug|Any CPU.Build.0 = Debug|Any CPU
		{6C474185-2911-4E3C-896D-7DEE62EDFCB2}.Debug|x64.ActiveCfg = Debug|Any CPU
		{6C474185-2911-4E3C-896D-7DEE62EDFCB2}.Debug|x64.Build.0 = Debug|Any CPU
		{6C474185-2911-4E3C-896D-7DEE62EDFCB2}.Debug|x86.ActiveCfg = Debug|Any CPU
		{6C474185-2911-4E3C-896D-7DEE62EDFCB2}.Debug|x86.Build.0 = Debug|Any CPU
		{6C474185-2911-4E3C-896D-7DEE62EDFCB2}.Release|Any CPU.ActiveCfg = Release|Any CPU
		{6C474185-2911-4E3C-896D-7DEE62EDFCB2}.Release|Any CPU.Build.0 = Release|Any CPU
		{6C474185-2911-4E3C-896D-7DEE62EDFCB2}.Release|x64.ActiveCfg = Release|Any CPU
		{6C474185-2911-4E3C-896D-7DEE62EDFCB2}.Release|x64.Build.0 = Release|Any CPU
		{6C474185-2911-4E3C-896D-7DEE62EDFCB2}.Release|x86.ActiveCfg = Release|Any CPU
		{6C474185-2911-4E3C-896D-7DEE62EDFCB2}.Release|x86.Build.0 = Release|Any CPU
		{C17B322C-2FFB-472E-9900-1E4AE3781D49}.Debug|Any CPU.ActiveCfg = Debug|Any CPU
		{C17B322C-2FFB-472E-9900-1E4AE3781D49}.Debug|Any CPU.Build.0 = Debug|Any CPU
		{C17B322C-2FFB-472E-9900-1E4AE3781D49}.Debug|x64.ActiveCfg = Debug|Any CPU
		{C17B322C-2FFB-472E-9900-1E4AE3781D49}.Debug|x64.Build.0 = Debug|Any CPU
		{C17B322C-2FFB-472E-9900-1E4AE3781D49}.Debug|x86.ActiveCfg = Debug|Any CPU
		{C17B322C-2FFB-472E-9900-1E4AE3781D49}.Debug|x86.Build.0 = Debug|Any CPU
		{C17B322C-2FFB-472E-9900-1E4AE3781D49}.Release|Any CPU.ActiveCfg = Release|Any CPU
		{C17B322C-2FFB-472E-9900-1E4AE3781D49}.Release|Any CPU.Build.0 = Release|Any CPU
		{C17B322C-2FFB-472E-9900-1E4AE3781D49}.Release|x64.ActiveCfg = Release|Any CPU
		{C17B322C-2FFB-472E-9900-1E4AE3781D49}.Release|x64.Build.0 = Release|Any CPU
		{C17B322C-2FFB-472E-9900-1E4AE3781D49}.Release|x86.ActiveCfg = Release|Any CPU
		{C17B322C-2FFB-472E-9900-1E4AE3781D49}.Release|x86.Build.0 = Release|Any CPU
	EndGlobalSection
	GlobalSection(SolutionProperties) = preSolution
		HideSolutionNode = FALSE
	EndGlobalSection
	GlobalSection(NestedProjects) = preSolution
		{3E72BF5C-0B5E-D5BD-DCAE-6B991004B4A5} = {827E0CD3-B72D-47B6-A68D-7590B98EB39B}
		{B2CBC301-61CA-01C7-DCE8-DDA3203BFF20} = {3E72BF5C-0B5E-D5BD-DCAE-6B991004B4A5}
		{36155832-FF0A-4794-AC8A-AA0E68624AC7} = {B2CBC301-61CA-01C7-DCE8-DDA3203BFF20}
		{6C474185-2911-4E3C-896D-7DEE62EDFCB2} = {B2CBC301-61CA-01C7-DCE8-DDA3203BFF20}
		{C17B322C-2FFB-472E-9900-1E4AE3781D49} = {B2CBC301-61CA-01C7-DCE8-DDA3203BFF20}
	EndGlobalSection
EndGlobal
